
Microsoft Visual Studio Solution File, Format Version 12.00
# Visual Studio Version 17
VisualStudioVersion = 17.4.33103.184
MinimumVisualStudioVersion = 10.0.40219.1
Project("{FAE04EC0-301F-11D3-BF4B-00C04F79EFBC}") = "Produccion_hramos", "Produccion_hramos\Produccion_hramos.csproj", "{1D38C106-2EA2-4AE0-8010-1D95EC04BDA2}"
EndProject
Global
	GlobalSection(SolutionConfigurationPlatforms) = preSolution
		Debug|Any CPU = Debug|Any CPU
		Release|Any CPU = Release|Any CPU
	EndGlobalSection
	GlobalSection(ProjectConfigurationPlatforms) = postSolution
		{1D38C106-2EA2-4AE0-8010-1D95EC04BDA2}.Debug|Any CPU.ActiveCfg = Debug|Any CPU
		{1D38C106-2EA2-4AE0-8010-1D95EC04BDA2}.Debug|Any CPU.Build.0 = Debug|Any CPU
		{1D38C106-2EA2-4AE0-8010-1D95EC04BDA2}.Release|Any CPU.ActiveCfg = Release|Any CPU
		{1D38C106-2EA2-4AE0-8010-1D95EC04BDA2}.Release|Any CPU.Build.0 = Release|Any CPU
	EndGlobalSection
	GlobalSection(SolutionProperties) = preSolution
		HideSolutionNode = FALSE
	EndGlobalSection
	GlobalSection(ExtensibilityGlobals) = postSolution
		SolutionGuid = {0ECEB889-F0C8-48A4-9A45-80DF7EE12631}
	EndGlobalSection
EndGlobal
